
Microsoft Visual Studio Solution File, Format Version 12.00
# Visual Studio Version 16
VisualStudioVersion = 16.0.29411.108
MinimumVisualStudioVersion = 10.0.40219.1
Project("{FAE04EC0-301F-11D3-BF4B-00C04F79EFBC}") = "CursoMobile.Api.Application", "CursoMobile.Api.Application\CursoMobile.Api.Application.csproj", "{523708F1-0556-4E10-BBCF-12353E5C08E2}"
EndProject
Project("{FAE04EC0-301F-11D3-BF4B-00C04F79EFBC}") = "CursoMobile.Api.Domain", "CursoMobile.Api.Domain\CursoMobile.Api.Domain.csproj", "{2B095C67-5DE8-4E50-BBAC-A0B6153FF9BD}"
EndProject
Project("{FAE04EC0-301F-11D3-BF4B-00C04F79EFBC}") = "CursoMobile.Api.Service", "CursoMobile.Api.Service\CursoMobile.Api.Service.csproj", "{D56676DA-34E5-4229-8F8D-769C3B0B8CD7}"
EndProject
Project("{FAE04EC0-301F-11D3-BF4B-00C04F79EFBC}") = "CursoMobile.Api.Infra.Data", "CursoMobile.Api.Infra.Data\CursoMobile.Api.Infra.Data.csproj", "{FA70AE2C-5AB2-4DB5-BCD5-63C01F1E664F}"
EndProject
Project("{FAE04EC0-301F-11D3-BF4B-00C04F79EFBC}") = "CursoMobile.Api.Infra.CrossCutting", "CursoMobile.Api.Infra.CrossCutting\CursoMobile.Api.Infra.CrossCutting.csproj", "{07998209-5C03-46B5-A98B-86340D03340A}"
EndProject
Global
	GlobalSection(SolutionConfigurationPlatforms) = preSolution
		Debug|Any CPU = Debug|Any CPU
		Release|Any CPU = Release|Any CPU
	EndGlobalSection
	GlobalSection(ProjectConfigurationPlatforms) = postSolution
		{523708F1-0556-4E10-BBCF-12353E5C08E2}.Debug|Any CPU.ActiveCfg = Debug|Any CPU
		{523708F1-0556-4E10-BBCF-12353E5C08E2}.Debug|Any CPU.Build.0 = Debug|Any CPU
		{523708F1-0556-4E10-BBCF-12353E5C08E2}.Release|Any CPU.ActiveCfg = Release|Any CPU
		{523708F1-0556-4E10-BBCF-12353E5C08E2}.Release|Any CPU.Build.0 = Release|Any CPU
		{2B095C67-5DE8-4E50-BBAC-A0B6153FF9BD}.Debug|Any CPU.ActiveCfg = Debug|Any CPU
		{2B095C67-5DE8-4E50-BBAC-A0B6153FF9BD}.Debug|Any CPU.Build.0 = Debug|Any CPU
		{2B095C67-5DE8-4E50-BBAC-A0B6153FF9BD}.Release|Any CPU.ActiveCfg = Release|Any CPU
		{2B095C67-5DE8-4E50-BBAC-A0B6153FF9BD}.Release|Any CPU.Build.0 = Release|Any CPU
		{D56676DA-34E5-4229-8F8D-769C3B0B8CD7}.Debug|Any CPU.ActiveCfg = Debug|Any CPU
		{D56676DA-34E5-4229-8F8D-769C3B0B8CD7}.Debug|Any CPU.Build.0 = Debug|Any CPU
		{D56676DA-34E5-4229-8F8D-769C3B0B8CD7}.Release|Any CPU.ActiveCfg = Release|Any CPU
		{D56676DA-34E5-4229-8F8D-769C3B0B8CD7}.Release|Any CPU.Build.0 = Release|Any CPU
		{FA70AE2C-5AB2-4DB5-BCD5-63C01F1E664F}.Debug|Any CPU.ActiveCfg = Debug|Any CPU
		{FA70AE2C-5AB2-4DB5-BCD5-63C01F1E664F}.Debug|Any CPU.Build.0 = Debug|Any CPU
		{FA70AE2C-5AB2-4DB5-BCD5-63C01F1E664F}.Release|Any CPU.ActiveCfg = Release|Any CPU
		{FA70AE2C-5AB2-4DB5-BCD5-63C01F1E664F}.Release|Any CPU.Build.0 = Release|Any CPU
		{07998209-5C03-46B5-A98B-86340D03340A}.Debug|Any CPU.ActiveCfg = Debug|Any CPU
		{07998209-5C03-46B5-A98B-86340D03340A}.Debug|Any CPU.Build.0 = Debug|Any CPU
		{07998209-5C03-46B5-A98B-86340D03340A}.Release|Any CPU.ActiveCfg = Release|Any CPU
		{07998209-5C03-46B5-A98B-86340D03340A}.Release|Any CPU.Build.0 = Release|Any CPU
	EndGlobalSection
	GlobalSection(SolutionProperties) = preSolution
		HideSolutionNode = FALSE
	EndGlobalSection
	GlobalSection(ExtensibilityGlobals) = postSolution
		SolutionGuid = {459ACBB8-7A67-4995-A7C2-DFF842CB9D56}
	EndGlobalSection
EndGlobal
